// !$*UTF8*$!
{
	archiveVersion = 1;
	classes = {
	};
	objectVersion = 55;
	objects = {

/* Begin PBXBuildFile section */
		BC6EB80B278AD67600E2FBAE /* AppDelegate.swift in Sources */ = {isa = PBXBuildFile; fileRef = BC6EB80A278AD67600E2FBAE /* AppDelegate.swift */; };
		BC6EB80D278AD67600E2FBAE /* SceneDelegate.swift in Sources */ = {isa = PBXBuildFile; fileRef = BC6EB80C278AD67600E2FBAE /* SceneDelegate.swift */; };
		BC6EB80F278AD67600E2FBAE /* ViewController.swift in Sources */ = {isa = PBXBuildFile; fileRef = BC6EB80E278AD67600E2FBAE /* ViewController.swift */; };
		BC6EB812278AD67600E2FBAE /* Main.storyboard in Resources */ = {isa = PBXBuildFile; fileRef = BC6EB810278AD67600E2FBAE /* Main.storyboard */; };
		BC6EB815278AD67600E2FBAE /* RomanToInt.xcdatamodeld in Sources */ = {isa = PBXBuildFile; fileRef = BC6EB813278AD67600E2FBAE /* RomanToInt.xcdatamodeld */; };
		BC6EB817278AD67800E2FBAE /* Assets.xcassets in Resources */ = {isa = PBXBuildFile; fileRef = BC6EB816278AD67800E2FBAE /* Assets.xcassets */; };
		BC6EB81A278AD67800E2FBAE /* LaunchScreen.storyboard in Resources */ = {isa = PBXBuildFile; fileRef = BC6EB818278AD67800E2FBAE /* LaunchScreen.storyboard */; };
		BC6EB822278B1E7800E2FBAE /* FavoriteVC.swift in Sources */ = {isa = PBXBuildFile; fileRef = BC6EB821278B1E7800E2FBAE /* FavoriteVC.swift */; };
/* End PBXBuildFile section */

/* Begin PBXFileReference section */
		BC6EB807278AD67600E2FBAE /* RomanToInt.app */ = {isa = PBXFileReference; explicitFileType = wrapper.application; includeInIndex = 0; path = RomanToInt.app; sourceTree = BUILT_PRODUCTS_DIR; };
		BC6EB80A278AD67600E2FBAE /* AppDelegate.swift */ = {isa = PBXFileReference; lastKnownFileType = sourcecode.swift; path = AppDelegate.swift; sourceTree = "<group>"; };
		BC6EB80C278AD67600E2FBAE /* SceneDelegate.swift */ = {isa = PBXFileReference; lastKnownFileType = sourcecode.swift; path = SceneDelegate.swift; sourceTree = "<group>"; };
		BC6EB80E278AD67600E2FBAE /* ViewController.swift */ = {isa = PBXFileReference; lastKnownFileType = sourcecode.swift; path = ViewController.swift; sourceTree = "<group>"; };
		BC6EB811278AD67600E2FBAE /* Base */ = {isa = PBXFileReference; lastKnownFileType = file.storyboard; name = Base; path = Base.lproj/Main.storyboard; sourceTree = "<group>"; };
		BC6EB814278AD67600E2FBAE /* RomanToInt.xcdatamodel */ = {isa = PBXFileReference; lastKnownFileType = wrapper.xcdatamodel; path = RomanToInt.xcdatamodel; sourceTree = "<group>"; };
		BC6EB816278AD67800E2FBAE /* Assets.xcassets */ = {isa = PBXFileReference; lastKnownFileType = folder.assetcatalog; path = Assets.xcassets; sourceTree = "<group>"; };
		BC6EB819278AD67800E2FBAE /* Base */ = {isa = PBXFileReference; lastKnownFileType = file.storyboard; name = Base; path = Base.lproj/LaunchScreen.storyboard; sourceTree = "<group>"; };
		BC6EB81B278AD67800E2FBAE /* Info.plist */ = {isa = PBXFileReference; lastKnownFileType = text.plist.xml; path = Info.plist; sourceTree = "<group>"; };
		BC6EB821278B1E7800E2FBAE /* FavoriteVC.swift */ = {isa = PBXFileReference; lastKnownFileType = sourcecode.swift; path = FavoriteVC.swift; sourceTree = "<group>"; };
/* End PBXFileReference section */

/* Begin PBXFrameworksBuildPhase section */
		BC6EB804278AD67600E2FBAE /* Frameworks */ = {
			isa = PBXFrameworksBuildPhase;
			buildActionMask = 2147483647;
			files = (
			);
			runOnlyForDeploymentPostprocessing = 0;
		};
/* End PBXFrameworksBuildPhase section */

/* Begin PBXGroup section */
		BC6EB7FE278AD67600E2FBAE = {
			isa = PBXGroup;
			children = (
				BC6EB809278AD67600E2FBAE /* RomanToInt */,
				BC6EB808278AD67600E2FBAE /* Products */,
			);
			sourceTree = "<group>";
		};
		BC6EB808278AD67600E2FBAE /* Products */ = {
			isa = PBXGroup;
			children = (
				BC6EB807278AD67600E2FBAE /* RomanToInt.app */,
			);
			name = Products;
			sourceTree = "<group>";
		};
		BC6EB809278AD67600E2FBAE /* RomanToInt */ = {
			isa = PBXGroup;
			children = (
				BC6EB80A278AD67600E2FBAE /* AppDelegate.swift */,
				BC6EB80C278AD67600E2FBAE /* SceneDelegate.swift */,
				BC6EB80E278AD67600E2FBAE /* ViewController.swift */,
				BC6EB821278B1E7800E2FBAE /* FavoriteVC.swift */,
				BC6EB810278AD67600E2FBAE /* Main.storyboard */,
				BC6EB816278AD67800E2FBAE /* Assets.xcassets */,
				BC6EB818278AD67800E2FBAE /* LaunchScreen.storyboard */,
				BC6EB81B278AD67800E2FBAE /* Info.plist */,
				BC6EB813278AD67600E2FBAE /* RomanToInt.xcdatamodeld */,
			);
			path = RomanToInt;
			sourceTree = "<group>";
		};
/* End PBXGroup section */

/* Begin PBXNativeTarget section */
		BC6EB806278AD67600E2FBAE /* RomanToInt */ = {
			isa = PBXNativeTarget;
			buildConfigurationList = BC6EB81E278AD67800E2FBAE /* Build configuration list for PBXNativeTarget "RomanToInt" */;
			buildPhases = (
				BC6EB803278AD67600E2FBAE /* Sources */,
				BC6EB804278AD67600E2FBAE /* Frameworks */,
				BC6EB805278AD67600E2FBAE /* Resources */,
			);
			buildRules = (
			);
			dependencies = (
			);
			name = RomanToInt;
			productName = RomanToInt;
			productReference = BC6EB807278AD67600E2FBAE /* RomanToInt.app */;
			productType = "com.apple.product-type.application";
		};
/* End PBXNativeTarget section */

/* Begin PBXProject section */
		BC6EB7FF278AD67600E2FBAE /* Project object */ = {
			isa = PBXProject;
			attributes = {
				BuildIndependentTargetsInParallel = 1;
				LastSwiftUpdateCheck = 1310;
				LastUpgradeCheck = 1310;
				TargetAttributes = {
					BC6EB806278AD67600E2FBAE = {
						CreatedOnToolsVersion = 13.1;
					};
				};
			};
			buildConfigurationList = BC6EB802278AD67600E2FBAE /* Build configuration list for PBXProject "RomanToInt" */;
			compatibilityVersion = "Xcode 13.0";
			developmentRegion = en;
			hasScannedForEncodings = 0;
			knownRegions = (
				en,
				Base,
			);
			mainGroup = BC6EB7FE278AD67600E2FBAE;
			productRefGroup = BC6EB808278AD67600E2FBAE /* Products */;
			projectDirPath = "";
			projectRoot = "";
			targets = (
				BC6EB806278AD67600E2FBAE /* RomanToInt */,
			);
		};
/* End PBXProject section */

/* Begin PBXResourcesBuildPhase section */
		BC6EB805278AD67600E2FBAE /* Resources */ = {
			isa = PBXResourcesBuildPhase;
			buildActionMask = 2147483647;
			files = (
				BC6EB81A278AD67800E2FBAE /* LaunchScreen.storyboard in Resources */,
				BC6EB817278AD67800E2FBAE /* Assets.xcassets in Resources */,
				BC6EB812278AD67600E2FBAE /* Main.storyboard in Resources */,
			);
			runOnlyForDeploymentPostprocessing = 0;
		};
/* End PBXResourcesBuildPhase section */

/* Begin PBXSourcesBuildPhase section */
		BC6EB803278AD67600E2FBAE /* Sources */ = {
			isa = PBXSourcesBuildPhase;
			buildActionMask = 2147483647;
			files = (
				BC6EB80F278AD67600E2FBAE /* ViewController.swift in Sources */,
				BC6EB80B278AD67600E2FBAE /* AppDelegate.swift in Sources */,
				BC6EB815278AD67600E2FBAE /* RomanToInt.xcdatamodeld in Sources */,
				BC6EB80D278AD67600E2FBAE /* SceneDelegate.swift in Sources */,
				BC6EB822278B1E7800E2FBAE /* FavoriteVC.swift in Sources */,
			);
			runOnlyForDeploymentPostprocessing = 0;
		};
/* End PBXSourcesBuildPhase section */

/* Begin PBXVariantGroup section */
		BC6EB810278AD67600E2FBAE /* Main.storyboard */ = {
			isa = PBXVariantGroup;
			children = (
				BC6EB811278AD67600E2FBAE /* Base */,
			);
			name = Main.storyboard;
			sourceTree = "<group>";
		};
		BC6EB818278AD67800E2FBAE /* LaunchScreen.storyboard */ = {
			isa = PBXVariantGroup;
			children = (
				BC6EB819278AD67800E2FBAE /* Base */,
			);
			name = LaunchScreen.storyboard;
			sourceTree = "<group>";
		};
/* End PBXVariantGroup section */

/* Begin XCBuildConfiguration section */
		BC6EB81C278AD67800E2FBAE /* Debug */ = {
			isa = XCBuildConfiguration;
			buildSettings = {
				ALWAYS_SEARCH_USER_PATHS = NO;
				CLANG_ANALYZER_NONNULL = YES;
				CLANG_ANALYZER_NUMBER_OBJECT_CONVERSION = YES_AGGRESSIVE;
				CLANG_CXX_LANGUAGE_STANDARD = "gnu++17";
				CLANG_CXX_LIBRARY = "libc++";
				CLANG_ENABLE_MODULES = YES;
				CLANG_ENABLE_OBJC_ARC = YES;
				CLANG_ENABLE_OBJC_WEAK = YES;
				CLANG_WARN_BLOCK_CAPTURE_AUTORELEASING = YES;
				CLANG_WARN_BOOL_CONVERSION = YES;
				CLANG_WARN_COMMA = YES;
				CLANG_WARN_CONSTANT_CONVERSION = YES;
				CLANG_WARN_DEPRECATED_OBJC_IMPLEMENTATIONS = YES;
				CLANG_WARN_DIRECT_OBJC_ISA_USAGE = YES_ERROR;
				CLANG_WARN_DOCUMENTATION_COMMENTS = YES;
				CLANG_WARN_EMPTY_BODY = YES;
				CLANG_WARN_ENUM_CONVERSION = YES;
				CLANG_WARN_INFINITE_RECURSION = YES;
				CLANG_WARN_INT_CONVERSION = YES;
				CLANG_WARN_NON_LITERAL_NULL_CONVERSION = YES;
				CLANG_WARN_OBJC_IMPLICIT_RETAIN_SELF = YES;
				CLANG_WARN_OBJC_LITERAL_CONVERSION = YES;
				CLANG_WARN_OBJC_ROOT_CLASS = YES_ERROR;
				CLANG_WARN_QUOTED_INCLUDE_IN_FRAMEWORK_HEADER = YES;
				CLANG_WARN_RANGE_LOOP_ANALYSIS = YES;
				CLANG_WARN_STRICT_PROTOTYPES = YES;
				CLANG_WARN_SUSPICIOUS_MOVE = YES;
				CLANG_WARN_UNGUARDED_AVAILABILITY = YES_AGGRESSIVE;
				CLANG_WARN_UNREACHABLE_CODE = YES;
				CLANG_WARN__DUPLICATE_METHOD_MATCH = YES;
				COPY_PHASE_STRIP = NO;
				DEBUG_INFORMATION_FORMAT = dwarf;
				ENABLE_STRICT_OBJC_MSGSEND = YES;
				ENABLE_TESTABILITY = YES;
				GCC_C_LANGUAGE_STANDARD = gnu11;
				GCC_DYNAMIC_NO_PIC = NO;
				GCC_NO_COMMON_BLOCKS = YES;
				GCC_OPTIMIZATION_LEVEL = 0;
				GCC_PREPROCESSOR_DEFINITIONS = (
					"DEBUG=1",
					"$(inherited)",
				);
				GCC_WARN_64_TO_32_BIT_CONVERSION = YES;
				GCC_WARN_ABOUT_RETURN_TYPE = YES_ERROR;
				GCC_WARN_UNDECLARED_SELECTOR = YES;
				GCC_WARN_UNINITIALIZED_AUTOS = YES_AGGRESSIVE;
				GCC_WARN_UNUSED_FUNCTION = YES;
				GCC_WARN_UNUSED_VARIABLE = YES;
				IPHONEOS_DEPLOYMENT_TARGET = 15.0;
				MTL_ENABLE_DEBUG_INFO = INCLUDE_SOURCE;
				MTL_FAST_MATH = YES;
				ONLY_ACTIVE_ARCH = YES;
				SDKROOT = iphoneos;
				SWIFT_ACTIVE_COMPILATION_CONDITIONS = DEBUG;
				SWIFT_OPTIMIZATION_LEVEL = "-Onone";
			};
			name = Debug;
		};
		BC6EB81D278AD67800E2FBAE /* Release */ = {
			isa = XCBuildConfiguration;
			buildSettings = {
				ALWAYS_SEARCH_USER_PATHS = NO;
				CLANG_ANALYZER_NONNULL = YES;
				CLANG_ANALYZER_NUMBER_OBJECT_CONVERSION = YES_AGGRESSIVE;
				CLANG_CXX_LANGUAGE_STANDARD = "gnu++17";
				CLANG_CXX_LIBRARY = "libc++";
				CLANG_ENABLE_MODULES = YES;
				CLANG_ENABLE_OBJC_ARC = YES;
				CLANG_ENABLE_OBJC_WEAK = YES;
				CLANG_WARN_BLOCK_CAPTURE_AUTORELEASING = YES;
				CLANG_WARN_BOOL_CONVERSION = YES;
				CLANG_WARN_COMMA = YES;
				CLANG_WARN_CONSTANT_CONVERSION = YES;
				CLANG_WARN_DEPRECATED_OBJC_IMPLEMENTATIONS = YES;
				CLANG_WARN_DIRECT_OBJC_ISA_USAGE = YES_ERROR;
				CLANG_WARN_DOCUMENTATION_COMMENTS = YES;
				CLANG_WARN_EMPTY_BODY = YES;
				CLANG_WARN_ENUM_CONVERSION = YES;
				CLANG_WARN_INFINITE_RECURSION = YES;
				CLANG_WARN_INT_CONVERSION = YES;
				CLANG_WARN_NON_LITERAL_NULL_CONVERSION = YES;
				CLANG_WARN_OBJC_IMPLICIT_RETAIN_SELF = YES;
				CLANG_WARN_OBJC_LITERAL_CONVERSION = YES;
				CLANG_WARN_OBJC_ROOT_CLASS = YES_ERROR;
				CLANG_WARN_QUOTED_INCLUDE_IN_FRAMEWORK_HEADER = YES;
				CLANG_WARN_RANGE_LOOP_ANALYSIS = YES;
				CLANG_WARN_STRICT_PROTOTYPES = YES;
				CLANG_WARN_SUSPICIOUS_MOVE = YES;
				CLANG_WARN_UNGUARDED_AVAILABILITY = YES_AGGRESSIVE;
				CLANG_WARN_UNREACHABLE_CODE = YES;
				CLANG_WARN__DUPLICATE_METHOD_MATCH = YES;
				COPY_PHASE_STRIP = NO;
				DEBUG_INFORMATION_FORMAT = "dwarf-with-dsym";
				ENABLE_NS_ASSERTIONS = NO;
				ENABLE_STRICT_OBJC_MSGSEND = YES;
				GCC_C_LANGUAGE_STANDARD = gnu11;
				GCC_NO_COMMON_BLOCKS = YES;
				GCC_WARN_64_TO_32_BIT_CONVERSION = YES;
				GCC_WARN_ABOUT_RETURN_TYPE = YES_ERROR;
				GCC_WARN_UNDECLARED_SELECTOR = YES;
				GCC_WARN_UNINITIALIZED_AUTOS = YES_AGGRESSIVE;
				GCC_WARN_UNUSED_FUNCTION = YES;
				GCC_WARN_UNUSED_VARIABLE = YES;
				IPHONEOS_DEPLOYMENT_TARGET = 15.0;
				MTL_ENABLE_DEBUG_INFO = NO;
				MTL_FAST_MATH = YES;
				SDKROOT = iphoneos;
				SWIFT_COMPILATION_MODE = wholemodule;
				SWIFT_OPTIMIZATION_LEVEL = "-O";
				VALIDATE_PRODUCT = YES;
			};
			name = Release;
		};
		BC6EB81F278AD67800E2FBAE /* Debug */ = {
			isa = XCBuildConfiguration;
			buildSettings = {
				ASSETCATALOG_COMPILER_APPICON_NAME = AppIcon;
				ASSETCATALOG_COMPILER_GLOBAL_ACCENT_COLOR_NAME = AccentColor;
				CODE_SIGN_STYLE = Automatic;
				CURRENT_PROJECT_VERSION = 1;
				DEVELOPMENT_TEAM = 2BAW85345C;
				GENERATE_INFOPLIST_FILE = YES;
				INFOPLIST_FILE = RomanToInt/Info.plist;
				INFOPLIST_KEY_UIApplicationSupportsIndirectInputEvents = YES;
				INFOPLIST_KEY_UILaunchStoryboardName = LaunchScreen;
				INFOPLIST_KEY_UIMainStoryboardFile = Main;
				INFOPLIST_KEY_UISupportedInterfaceOrientations_iPad = "UIInterfaceOrientationPortrait UIInterfaceOrientationPortraitUpsideDown UIInterfaceOrientationLandscapeLeft UIInterfaceOrientationLandscapeRight";
				INFOPLIST_KEY_UISupportedInterfaceOrientations_iPhone = "UIInterfaceOrientationPortrait UIInterfaceOrientationLandscapeLeft UIInterfaceOrientationLandscapeRight";
				LD_RUNPATH_SEARCH_PATHS = (
					"$(inherited)",
					"@executable_path/Frameworks",
				);
				MARKETING_VERSION = 1.0;
				PRODUCT_BUNDLE_IDENTIFIER = com.husnutas.RomanToInt;
				PRODUCT_NAME = "$(TARGET_NAME)";
				SWIFT_EMIT_LOC_STRINGS = YES;
				SWIFT_VERSION = 5.0;
				TARGETED_DEVICE_FAMILY = "1,2";
			};
			name = Debug;
		};
		BC6EB820278AD67800E2FBAE /* Release */ = {
			isa = XCBuildConfiguration;
			buildSettings = {
				ASSETCATALOG_COMPILER_APPICON_NAME = AppIcon;
				ASSETCATALOG_COMPILER_GLOBAL_ACCENT_COLOR_NAME = AccentColor;
				CODE_SIGN_STYLE = Automatic;
				CURRENT_PROJECT_VERSION = 1;
				DEVELOPMENT_TEAM = 2BAW85345C;
				GENERATE_INFOPLIST_FILE = YES;
				INFOPLIST_FILE = RomanToInt/Info.plist;
				INFOPLIST_KEY_UIApplicationSupportsIndirectInputEvents = YES;
				INFOPLIST_KEY_UILaunchStoryboardName = LaunchScreen;
				INFOPLIST_KEY_UIMainStoryboardFile = Main;
				INFOPLIST_KEY_UISupportedInterfaceOrientations_iPad = "UIInterfaceOrientationPortrait UIInterfaceOrientationPortraitUpsideDown UIInterfaceOrientationLandscapeLeft UIInterfaceOrientationLandscapeRight";
				INFOPLIST_KEY_UISupportedInterfaceOrientations_iPhone = "UIInterfaceOrientationPortrait UIInterfaceOrientationLandscapeLeft UIInterfaceOrientationLandscapeRight";
				LD_RUNPATH_SEARCH_PATHS = (
					"$(inherited)",
					"@executable_path/Frameworks",
				);
				MARKETING_VERSION = 1.0;
				PRODUCT_BUNDLE_IDENTIFIER = com.husnutas.RomanToInt;
				PRODUCT_NAME = "$(TARGET_NAME)";
				SWIFT_EMIT_LOC_STRINGS = YES;
				SWIFT_VERSION = 5.0;
				TARGETED_DEVICE_FAMILY = "1,2";
			};
			name = Release;
		};
/* End XCBuildConfiguration section */

/* Begin XCConfigurationList section */
		BC6EB802278AD67600E2FBAE /* Build configuration list for PBXProject "RomanToInt" */ = {
			isa = XCConfigurationList;
			buildConfigurations = (
				BC6EB81C278AD67800E2FBAE /* Debug */,
				BC6EB81D278AD67800E2FBAE /* Release */,
			);
			defaultConfigurationIsVisible = 0;
			defaultConfigurationName = Release;
		};
		BC6EB81E278AD67800E2FBAE /* Build configuration list for PBXNativeTarget "RomanToInt" */ = {
			isa = XCConfigurationList;
			buildConfigurations = (
				BC6EB81F278AD67800E2FBAE /* Debug */,
				BC6EB820278AD67800E2FBAE /* Release */,
			);
			defaultConfigurationIsVisible = 0;
			defaultConfigurationName = Release;
		};
/* End XCConfigurationList section */

/* Begin XCVersionGroup section */
		BC6EB813278AD67600E2FBAE /* RomanToInt.xcdatamodeld */ = {
			isa = XCVersionGroup;
			children = (
				BC6EB814278AD67600E2FBAE /* RomanToInt.xcdatamodel */,
			);
			currentVersion = BC6EB814278AD67600E2FBAE /* RomanToInt.xcdatamodel */;
			path = RomanToInt.xcdatamodeld;
			sourceTree = "<group>";
			versionGroupType = wrapper.xcdatamodel;
		};
/* End XCVersionGroup section */
	};
	rootObject = BC6EB7FF278AD67600E2FBAE /* Project object */;
}
